
Microsoft Visual Studio Solution File, Format Version 12.00
# Visual Studio Version 17
VisualStudioVersion = 17.2.32602.215
MinimumVisualStudioVersion = 10.0.40219.1
Project("{FAE04EC0-301F-11D3-BF4B-00C04F79EFBC}") = "DolphinTextureExtraction tool", "TextureExtraction tool\DolphinTextureExtraction tool.csproj", "{89776DB8-07A1-4B36-BE77-7AB5E4237E3A}"
	ProjectSection(ProjectDependencies) = postProject
		{E5829A5B-E121-41AA-A84B-E7B4C8DBDF30} = {E5829A5B-E121-41AA-A84B-E7B4C8DBDF30}
	EndProjectSection
EndProject
Project("{FAE04EC0-301F-11D3-BF4B-00C04F79EFBC}") = "Hack.io", "lib\Hack.io\Hack.io\Hack.io.csproj", "{389F751D-DB2A-4746-B3BC-88E106C361CE}"
EndProject
Project("{FAE04EC0-301F-11D3-BF4B-00C04F79EFBC}") = "Hack.io.RARC", "lib\Hack.io\Hack.io.RARC\Hack.io.RARC.csproj", "{4F4162CC-70FF-4EB9-AB34-D5FF98490C34}"
EndProject
Project("{FAE04EC0-301F-11D3-BF4B-00C04F79EFBC}") = "Hack.io.BTI", "lib\Hack.io\Hack.io.BTI\Hack.io.BTI.csproj", "{524FF91A-B5F3-4EF8-9216-EB4128DED242}"
EndProject
Project("{FAE04EC0-301F-11D3-BF4B-00C04F79EFBC}") = "Hack.io.J3D", "lib\Hack.io\Hack.io.J3D\Hack.io.J3D.csproj", "{A99F6DDE-0AED-432E-8866-F25375E3C4FA}"
EndProject
Project("{FAE04EC0-301F-11D3-BF4B-00C04F79EFBC}") = "Hack.io.YAZ0", "lib\Hack.io\Hack.io.YAZ0\Hack.io.YAZ0.csproj", "{BDDA5ADE-2D88-483D-854C-D295ED9F8089}"
EndProject
Project("{FAE04EC0-301F-11D3-BF4B-00C04F79EFBC}") = "Hack.io.YAY0", "lib\Hack.io\Hack.io.YAY0\Hack.io.YAY0.csproj", "{2576022C-4A09-4A25-AFB8-9F7DF919E02C}"
EndProject
Project("{FAE04EC0-301F-11D3-BF4B-00C04F79EFBC}") = "Hack.io.U8", "lib\Hack.io\Hack.io.U8\Hack.io.U8.csproj", "{A611837C-0849-4133-AC82-04CEA27F81E4}"
EndProject
Project("{FAE04EC0-301F-11D3-BF4B-00C04F79EFBC}") = "LibCPK", "lib\LibCPK\LibCPK.csproj", "{BA3A00E4-4F51-4AB4-A8FB-F4B64A874449}"
EndProject
Project("{8BC9CEB8-8B4A-11D0-8D11-00A0C91BC942}") = "LibCRIComp", "lib\LibCRIComp\LibCRIComp.vcxproj", "{E5829A5B-E121-41AA-A84B-E7B4C8DBDF30}"
EndProject
Project("{FAE04EC0-301F-11D3-BF4B-00C04F79EFBC}") = "Hack.io.TPL", "lib\Hack.io\Hack.io.TPL\Hack.io.TPL.csproj", "{8EB94AB1-3C3D-4FFE-B84B-64F35B5C2F52}"
EndProject
Project("{2150E333-8FDC-42A3-9474-1A3956D46DE8}") = "Libs", "Libs", "{B407F63E-453B-4A21-8A29-D662F50A5B82}"
EndProject
Project("{FAE04EC0-301F-11D3-BF4B-00C04F79EFBC}") = "Hack.io.BMD", "lib\Hack.io\Hack.io.BMD\Hack.io.BMD.csproj", "{CD2CA20A-E6AD-4B1E-9D04-FB98970B61D5}"
EndProject
Project("{2150E333-8FDC-42A3-9474-1A3956D46DE8}") = "Hack.io", "Hack.io", "{9BD9CE5B-7820-4976-82AE-DBF6CB05A240}"
EndProject
Global
	GlobalSection(SolutionConfigurationPlatforms) = preSolution
		Debug|Any CPU = Debug|Any CPU
		Debug|ARM64 = Debug|ARM64
		Debug|x64 = Debug|x64
		Release|Any CPU = Release|Any CPU
		Release|ARM64 = Release|ARM64
		Release|x64 = Release|x64
	EndGlobalSection
	GlobalSection(ProjectConfigurationPlatforms) = postSolution
		{89776DB8-07A1-4B36-BE77-7AB5E4237E3A}.Debug|Any CPU.ActiveCfg = Debug|Any CPU
		{89776DB8-07A1-4B36-BE77-7AB5E4237E3A}.Debug|Any CPU.Build.0 = Debug|Any CPU
		{89776DB8-07A1-4B36-BE77-7AB5E4237E3A}.Debug|ARM64.ActiveCfg = Debug|Any CPU
		{89776DB8-07A1-4B36-BE77-7AB5E4237E3A}.Debug|ARM64.Build.0 = Debug|Any CPU
		{89776DB8-07A1-4B36-BE77-7AB5E4237E3A}.Debug|x64.ActiveCfg = Debug|Any CPU
		{89776DB8-07A1-4B36-BE77-7AB5E4237E3A}.Debug|x64.Build.0 = Debug|Any CPU
		{89776DB8-07A1-4B36-BE77-7AB5E4237E3A}.Release|Any CPU.ActiveCfg = Release|Any CPU
		{89776DB8-07A1-4B36-BE77-7AB5E4237E3A}.Release|Any CPU.Build.0 = Release|Any CPU
		{89776DB8-07A1-4B36-BE77-7AB5E4237E3A}.Release|ARM64.ActiveCfg = Release|Any CPU
		{89776DB8-07A1-4B36-BE77-7AB5E4237E3A}.Release|ARM64.Build.0 = Release|Any CPU
		{89776DB8-07A1-4B36-BE77-7AB5E4237E3A}.Release|x64.ActiveCfg = Release|Any CPU
		{89776DB8-07A1-4B36-BE77-7AB5E4237E3A}.Release|x64.Build.0 = Release|Any CPU
		{389F751D-DB2A-4746-B3BC-88E106C361CE}.Debug|Any CPU.ActiveCfg = Debug|Any CPU
		{389F751D-DB2A-4746-B3BC-88E106C361CE}.Debug|Any CPU.Build.0 = Debug|Any CPU
		{389F751D-DB2A-4746-B3BC-88E106C361CE}.Debug|ARM64.ActiveCfg = Debug|Any CPU
		{389F751D-DB2A-4746-B3BC-88E106C361CE}.Debug|ARM64.Build.0 = Debug|Any CPU
		{389F751D-DB2A-4746-B3BC-88E106C361CE}.Debug|x64.ActiveCfg = Debug|Any CPU
		{389F751D-DB2A-4746-B3BC-88E106C361CE}.Debug|x64.Build.0 = Debug|Any CPU
		{389F751D-DB2A-4746-B3BC-88E106C361CE}.Release|Any CPU.ActiveCfg = Release|Any CPU
		{389F751D-DB2A-4746-B3BC-88E106C361CE}.Release|Any CPU.Build.0 = Release|Any CPU
		{389F751D-DB2A-4746-B3BC-88E106C361CE}.Release|ARM64.ActiveCfg = Release|Any CPU
		{389F751D-DB2A-4746-B3BC-88E106C361CE}.Release|ARM64.Build.0 = Release|Any CPU
		{389F751D-DB2A-4746-B3BC-88E106C361CE}.Release|x64.ActiveCfg = Release|Any CPU
		{389F751D-DB2A-4746-B3BC-88E106C361CE}.Release|x64.Build.0 = Release|Any CPU
		{4F4162CC-70FF-4EB9-AB34-D5FF98490C34}.Debug|Any CPU.ActiveCfg = Debug|Any CPU
		{4F4162CC-70FF-4EB9-AB34-D5FF98490C34}.Debug|Any CPU.Build.0 = Debug|Any CPU
		{4F4162CC-70FF-4EB9-AB34-D5FF98490C34}.Debug|ARM64.ActiveCfg = Debug|Any CPU
		{4F4162CC-70FF-4EB9-AB34-D5FF98490C34}.Debug|ARM64.Build.0 = Debug|Any CPU
		{4F4162CC-70FF-4EB9-AB34-D5FF98490C34}.Debug|x64.ActiveCfg = Debug|Any CPU
		{4F4162CC-70FF-4EB9-AB34-D5FF98490C34}.Debug|x64.Build.0 = Debug|Any CPU
		{4F4162CC-70FF-4EB9-AB34-D5FF98490C34}.Release|Any CPU.ActiveCfg = Release|Any CPU
		{4F4162CC-70FF-4EB9-AB34-D5FF98490C34}.Release|Any CPU.Build.0 = Release|Any CPU
		{4F4162CC-70FF-4EB9-AB34-D5FF98490C34}.Release|ARM64.ActiveCfg = Release|Any CPU
		{4F4162CC-70FF-4EB9-AB34-D5FF98490C34}.Release|ARM64.Build.0 = Release|Any CPU
		{4F4162CC-70FF-4EB9-AB34-D5FF98490C34}.Release|x64.ActiveCfg = Release|Any CPU
		{4F4162CC-70FF-4EB9-AB34-D5FF98490C34}.Release|x64.Build.0 = Release|Any CPU
		{524FF91A-B5F3-4EF8-9216-EB4128DED242}.Debug|Any CPU.ActiveCfg = Debug|Any CPU
		{524FF91A-B5F3-4EF8-9216-EB4128DED242}.Debug|Any CPU.Build.0 = Debug|Any CPU
		{524FF91A-B5F3-4EF8-9216-EB4128DED242}.Debug|ARM64.ActiveCfg = Debug|Any CPU
		{524FF91A-B5F3-4EF8-9216-EB4128DED242}.Debug|ARM64.Build.0 = Debug|Any CPU
		{524FF91A-B5F3-4EF8-9216-EB4128DED242}.Debug|x64.ActiveCfg = Debug|Any CPU
		{524FF91A-B5F3-4EF8-9216-EB4128DED242}.Debug|x64.Build.0 = Debug|Any CPU
		{524FF91A-B5F3-4EF8-9216-EB4128DED242}.Release|Any CPU.ActiveCfg = Release|Any CPU
		{524FF91A-B5F3-4EF8-9216-EB4128DED242}.Release|Any CPU.Build.0 = Release|Any CPU
		{524FF91A-B5F3-4EF8-9216-EB4128DED242}.Release|ARM64.ActiveCfg = Release|Any CPU
		{524FF91A-B5F3-4EF8-9216-EB4128DED242}.Release|ARM64.Build.0 = Release|Any CPU
		{524FF91A-B5F3-4EF8-9216-EB4128DED242}.Release|x64.ActiveCfg = Release|Any CPU
		{524FF91A-B5F3-4EF8-9216-EB4128DED242}.Release|x64.Build.0 = Release|Any CPU
		{A99F6DDE-0AED-432E-8866-F25375E3C4FA}.Debug|Any CPU.ActiveCfg = Debug|Any CPU
		{A99F6DDE-0AED-432E-8866-F25375E3C4FA}.Debug|Any CPU.Build.0 = Debug|Any CPU
		{A99F6DDE-0AED-432E-8866-F25375E3C4FA}.Debug|ARM64.ActiveCfg = Debug|Any CPU
		{A99F6DDE-0AED-432E-8866-F25375E3C4FA}.Debug|ARM64.Build.0 = Debug|Any CPU
		{A99F6DDE-0AED-432E-8866-F25375E3C4FA}.Debug|x64.ActiveCfg = Debug|Any CPU
		{A99F6DDE-0AED-432E-8866-F25375E3C4FA}.Debug|x64.Build.0 = Debug|Any CPU
		{A99F6DDE-0AED-432E-8866-F25375E3C4FA}.Release|Any CPU.ActiveCfg = Release|Any CPU
		{A99F6DDE-0AED-432E-8866-F25375E3C4FA}.Release|Any CPU.Build.0 = Release|Any CPU
		{A99F6DDE-0AED-432E-8866-F25375E3C4FA}.Release|ARM64.ActiveCfg = Release|Any CPU
		{A99F6DDE-0AED-432E-8866-F25375E3C4FA}.Release|ARM64.Build.0 = Release|Any CPU
		{A99F6DDE-0AED-432E-8866-F25375E3C4FA}.Release|x64.ActiveCfg = Release|Any CPU
		{A99F6DDE-0AED-432E-8866-F25375E3C4FA}.Release|x64.Build.0 = Release|Any CPU
		{BDDA5ADE-2D88-483D-854C-D295ED9F8089}.Debug|Any CPU.ActiveCfg = Debug|Any CPU
		{BDDA5ADE-2D88-483D-854C-D295ED9F8089}.Debug|Any CPU.Build.0 = Debug|Any CPU
		{BDDA5ADE-2D88-483D-854C-D295ED9F8089}.Debug|ARM64.ActiveCfg = Debug|Any CPU
		{BDDA5ADE-2D88-483D-854C-D295ED9F8089}.Debug|ARM64.Build.0 = Debug|Any CPU
		{BDDA5ADE-2D88-483D-854C-D295ED9F8089}.Debug|x64.ActiveCfg = Debug|Any CPU
		{BDDA5ADE-2D88-483D-854C-D295ED9F8089}.Debug|x64.Build.0 = Debug|Any CPU
		{BDDA5ADE-2D88-483D-854C-D295ED9F8089}.Release|Any CPU.ActiveCfg = Release|Any CPU
		{BDDA5ADE-2D88-483D-854C-D295ED9F8089}.Release|Any CPU.Build.0 = Release|Any CPU
		{BDDA5ADE-2D88-483D-854C-D295ED9F8089}.Release|ARM64.ActiveCfg = Release|Any CPU
		{BDDA5ADE-2D88-483D-854C-D295ED9F8089}.Release|ARM64.Build.0 = Release|Any CPU
		{BDDA5ADE-2D88-483D-854C-D295ED9F8089}.Release|x64.ActiveCfg = Release|Any CPU
		{BDDA5ADE-2D88-483D-854C-D295ED9F8089}.Release|x64.Build.0 = Release|Any CPU
		{2576022C-4A09-4A25-AFB8-9F7DF919E02C}.Debug|Any CPU.ActiveCfg = Debug|Any CPU
		{2576022C-4A09-4A25-AFB8-9F7DF919E02C}.Debug|Any CPU.Build.0 = Debug|Any CPU
		{2576022C-4A09-4A25-AFB8-9F7DF919E02C}.Debug|ARM64.ActiveCfg = Debug|Any CPU
		{2576022C-4A09-4A25-AFB8-9F7DF919E02C}.Debug|ARM64.Build.0 = Debug|Any CPU
		{2576022C-4A09-4A25-AFB8-9F7DF919E02C}.Debug|x64.ActiveCfg = Debug|Any CPU
		{2576022C-4A09-4A25-AFB8-9F7DF919E02C}.Debug|x64.Build.0 = Debug|Any CPU
		{2576022C-4A09-4A25-AFB8-9F7DF919E02C}.Release|Any CPU.ActiveCfg = Release|Any CPU
		{2576022C-4A09-4A25-AFB8-9F7DF919E02C}.Release|Any CPU.Build.0 = Release|Any CPU
		{2576022C-4A09-4A25-AFB8-9F7DF919E02C}.Release|ARM64.ActiveCfg = Release|Any CPU
		{2576022C-4A09-4A25-AFB8-9F7DF919E02C}.Release|ARM64.Build.0 = Release|Any CPU
		{2576022C-4A09-4A25-AFB8-9F7DF919E02C}.Release|x64.ActiveCfg = Release|Any CPU
		{2576022C-4A09-4A25-AFB8-9F7DF919E02C}.Release|x64.Build.0 = Release|Any CPU
		{A611837C-0849-4133-AC82-04CEA27F81E4}.Debug|Any CPU.ActiveCfg = Debug|Any CPU
		{A611837C-0849-4133-AC82-04CEA27F81E4}.Debug|Any CPU.Build.0 = Debug|Any CPU
		{A611837C-0849-4133-AC82-04CEA27F81E4}.Debug|ARM64.ActiveCfg = Debug|Any CPU
		{A611837C-0849-4133-AC82-04CEA27F81E4}.Debug|ARM64.Build.0 = Debug|Any CPU
		{A611837C-0849-4133-AC82-04CEA27F81E4}.Debug|x64.ActiveCfg = Debug|Any CPU
		{A611837C-0849-4133-AC82-04CEA27F81E4}.Debug|x64.Build.0 = Debug|Any CPU
		{A611837C-0849-4133-AC82-04CEA27F81E4}.Release|Any CPU.ActiveCfg = Release|Any CPU
		{A611837C-0849-4133-AC82-04CEA27F81E4}.Release|Any CPU.Build.0 = Release|Any CPU
		{A611837C-0849-4133-AC82-04CEA27F81E4}.Release|ARM64.ActiveCfg = Release|Any CPU
		{A611837C-0849-4133-AC82-04CEA27F81E4}.Release|ARM64.Build.0 = Release|Any CPU
		{A611837C-0849-4133-AC82-04CEA27F81E4}.Release|x64.ActiveCfg = Release|Any CPU
		{A611837C-0849-4133-AC82-04CEA27F81E4}.Release|x64.Build.0 = Release|Any CPU
		{BA3A00E4-4F51-4AB4-A8FB-F4B64A874449}.Debug|Any CPU.ActiveCfg = Debug|Any CPU
		{BA3A00E4-4F51-4AB4-A8FB-F4B64A874449}.Debug|Any CPU.Build.0 = Debug|Any CPU
		{BA3A00E4-4F51-4AB4-A8FB-F4B64A874449}.Debug|ARM64.ActiveCfg = Debug|Any CPU
		{BA3A00E4-4F51-4AB4-A8FB-F4B64A874449}.Debug|ARM64.Build.0 = Debug|Any CPU
		{BA3A00E4-4F51-4AB4-A8FB-F4B64A874449}.Debug|x64.ActiveCfg = Debug|Any CPU
		{BA3A00E4-4F51-4AB4-A8FB-F4B64A874449}.Debug|x64.Build.0 = Debug|Any CPU
		{BA3A00E4-4F51-4AB4-A8FB-F4B64A874449}.Release|Any CPU.ActiveCfg = Release|Any CPU
		{BA3A00E4-4F51-4AB4-A8FB-F4B64A874449}.Release|Any CPU.Build.0 = Release|Any CPU
		{BA3A00E4-4F51-4AB4-A8FB-F4B64A874449}.Release|ARM64.ActiveCfg = Release|Any CPU
		{BA3A00E4-4F51-4AB4-A8FB-F4B64A874449}.Release|ARM64.Build.0 = Release|Any CPU
		{BA3A00E4-4F51-4AB4-A8FB-F4B64A874449}.Release|x64.ActiveCfg = Release|Any CPU
		{BA3A00E4-4F51-4AB4-A8FB-F4B64A874449}.Release|x64.Build.0 = Release|Any CPU
		{E5829A5B-E121-41AA-A84B-E7B4C8DBDF30}.Debug|Any CPU.ActiveCfg = Debug|Win32
		{E5829A5B-E121-41AA-A84B-E7B4C8DBDF30}.Debug|ARM64.ActiveCfg = Debug|x64
		{E5829A5B-E121-41AA-A84B-E7B4C8DBDF30}.Debug|ARM64.Build.0 = Debug|x64
		{E5829A5B-E121-41AA-A84B-E7B4C8DBDF30}.Debug|x64.ActiveCfg = Debug|x64
		{E5829A5B-E121-41AA-A84B-E7B4C8DBDF30}.Debug|x64.Build.0 = Debug|x64
		{E5829A5B-E121-41AA-A84B-E7B4C8DBDF30}.Release|Any CPU.ActiveCfg = Release|Win32
		{E5829A5B-E121-41AA-A84B-E7B4C8DBDF30}.Release|ARM64.ActiveCfg = Release|x64
		{E5829A5B-E121-41AA-A84B-E7B4C8DBDF30}.Release|ARM64.Build.0 = Release|x64
		{E5829A5B-E121-41AA-A84B-E7B4C8DBDF30}.Release|x64.ActiveCfg = Release|x64
		{E5829A5B-E121-41AA-A84B-E7B4C8DBDF30}.Release|x64.Build.0 = Release|x64
		{8EB94AB1-3C3D-4FFE-B84B-64F35B5C2F52}.Debug|Any CPU.ActiveCfg = Debug|Any CPU
		{8EB94AB1-3C3D-4FFE-B84B-64F35B5C2F52}.Debug|Any CPU.Build.0 = Debug|Any CPU
		{8EB94AB1-3C3D-4FFE-B84B-64F35B5C2F52}.Debug|ARM64.ActiveCfg = Debug|Any CPU
		{8EB94AB1-3C3D-4FFE-B84B-64F35B5C2F52}.Debug|ARM64.Build.0 = Debug|Any CPU
		{8EB94AB1-3C3D-4FFE-B84B-64F35B5C2F52}.Debug|x64.ActiveCfg = Debug|Any CPU
		{8EB94AB1-3C3D-4FFE-B84B-64F35B5C2F52}.Debug|x64.Build.0 = Debug|Any CPU
		{8EB94AB1-3C3D-4FFE-B84B-64F35B5C2F52}.Release|Any CPU.ActiveCfg = Release|Any CPU
		{8EB94AB1-3C3D-4FFE-B84B-64F35B5C2F52}.Release|Any CPU.Build.0 = Release|Any CPU
		{8EB94AB1-3C3D-4FFE-B84B-64F35B5C2F52}.Release|ARM64.ActiveCfg = Release|Any CPU
		{8EB94AB1-3C3D-4FFE-B84B-64F35B5C2F52}.Release|ARM64.Build.0 = Release|Any CPU
		{8EB94AB1-3C3D-4FFE-B84B-64F35B5C2F52}.Release|x64.ActiveCfg = Release|Any CPU
		{8EB94AB1-3C3D-4FFE-B84B-64F35B5C2F52}.Release|x64.Build.0 = Release|Any CPU
		{CD2CA20A-E6AD-4B1E-9D04-FB98970B61D5}.Debug|Any CPU.ActiveCfg = Debug|Any CPU
		{CD2CA20A-E6AD-4B1E-9D04-FB98970B61D5}.Debug|Any CPU.Build.0 = Debug|Any CPU
		{CD2CA20A-E6AD-4B1E-9D04-FB98970B61D5}.Debug|ARM64.ActiveCfg = Debug|Any CPU
		{CD2CA20A-E6AD-4B1E-9D04-FB98970B61D5}.Debug|ARM64.Build.0 = Debug|Any CPU
		{CD2CA20A-E6AD-4B1E-9D04-FB98970B61D5}.Debug|x64.ActiveCfg = Debug|Any CPU
		{CD2CA20A-E6AD-4B1E-9D04-FB98970B61D5}.Debug|x64.Build.0 = Debug|Any CPU
		{CD2CA20A-E6AD-4B1E-9D04-FB98970B61D5}.Release|Any CPU.ActiveCfg = Release|Any CPU
		{CD2CA20A-E6AD-4B1E-9D04-FB98970B61D5}.Release|Any CPU.Build.0 = Release|Any CPU
		{CD2CA20A-E6AD-4B1E-9D04-FB98970B61D5}.Release|ARM64.ActiveCfg = Release|Any CPU
		{CD2CA20A-E6AD-4B1E-9D04-FB98970B61D5}.Release|ARM64.Build.0 = Release|Any CPU
		{CD2CA20A-E6AD-4B1E-9D04-FB98970B61D5}.Release|x64.ActiveCfg = Release|Any CPU
		{CD2CA20A-E6AD-4B1E-9D04-FB98970B61D5}.Release|x64.Build.0 = Release|Any CPU
	EndGlobalSection
	GlobalSection(SolutionProperties) = preSolution
		HideSolutionNode = FALSE
	EndGlobalSection
	GlobalSection(NestedProjects) = preSolution
		{389F751D-DB2A-4746-B3BC-88E106C361CE} = {9BD9CE5B-7820-4976-82AE-DBF6CB05A240}
		{4F4162CC-70FF-4EB9-AB34-D5FF98490C34} = {9BD9CE5B-7820-4976-82AE-DBF6CB05A240}
		{524FF91A-B5F3-4EF8-9216-EB4128DED242} = {9BD9CE5B-7820-4976-82AE-DBF6CB05A240}
		{A99F6DDE-0AED-432E-8866-F25375E3C4FA} = {9BD9CE5B-7820-4976-82AE-DBF6CB05A240}
		{BDDA5ADE-2D88-483D-854C-D295ED9F8089} = {9BD9CE5B-7820-4976-82AE-DBF6CB05A240}
		{2576022C-4A09-4A25-AFB8-9F7DF919E02C} = {9BD9CE5B-7820-4976-82AE-DBF6CB05A240}
		{A611837C-0849-4133-AC82-04CEA27F81E4} = {9BD9CE5B-7820-4976-82AE-DBF6CB05A240}
		{BA3A00E4-4F51-4AB4-A8FB-F4B64A874449} = {B407F63E-453B-4A21-8A29-D662F50A5B82}
		{E5829A5B-E121-41AA-A84B-E7B4C8DBDF30} = {B407F63E-453B-4A21-8A29-D662F50A5B82}
		{8EB94AB1-3C3D-4FFE-B84B-64F35B5C2F52} = {9BD9CE5B-7820-4976-82AE-DBF6CB05A240}
		{CD2CA20A-E6AD-4B1E-9D04-FB98970B61D5} = {9BD9CE5B-7820-4976-82AE-DBF6CB05A240}
		{9BD9CE5B-7820-4976-82AE-DBF6CB05A240} = {B407F63E-453B-4A21-8A29-D662F50A5B82}
	EndGlobalSection
	GlobalSection(ExtensibilityGlobals) = postSolution
		SolutionGuid = {B17AB52A-AB00-4067-B684-72DFCA802F89}
	EndGlobalSection
EndGlobal
