
Microsoft Visual Studio Solution File, Format Version 12.00
# Visual Studio Version 17
VisualStudioVersion = 17.2.32602.215
MinimumVisualStudioVersion = 10.0.40219.1
Project("{FAE04EC0-301F-11D3-BF4B-00C04F79EFBC}") = "DolphinTextureExtraction tool", "TextureExtraction tool\DolphinTextureExtraction tool.csproj", "{89776DB8-07A1-4B36-BE77-7AB5E4237E3A}"
EndProject
Project("{FAE04EC0-301F-11D3-BF4B-00C04F79EFBC}") = "LibCPK", "lib\LibCPK\LibCPK.csproj", "{BA3A00E4-4F51-4AB4-A8FB-F4B64A874449}"
EndProject
Project("{8BC9CEB8-8B4A-11D0-8D11-00A0C91BC942}") = "LibCRIComp", "lib\LibCRIComp\LibCRIComp.vcxproj", "{E5829A5B-E121-41AA-A84B-E7B4C8DBDF30}"
EndProject
Project("{2150E333-8FDC-42A3-9474-1A3956D46DE8}") = "Libs", "Libs", "{B407F63E-453B-4A21-8A29-D662F50A5B82}"
EndProject
Project("{FAE04EC0-301F-11D3-BF4B-00C04F79EFBC}") = "Hack.io.BMD", "lib\Hack.io\Hack.io.BMD\Hack.io.BMD.csproj", "{CD2CA20A-E6AD-4B1E-9D04-FB98970B61D5}"
EndProject
Project("{2150E333-8FDC-42A3-9474-1A3956D46DE8}") = "Hack.io", "Hack.io", "{9BD9CE5B-7820-4976-82AE-DBF6CB05A240}"
EndProject
Project("{FAE04EC0-301F-11D3-BF4B-00C04F79EFBC}") = "AuroraLip", "lib\AuroraLip\AuroraLip.csproj", "{CE629181-0090-46D0-81BC-16682E497573}"
EndProject
Project("{FAE04EC0-301F-11D3-BF4B-00C04F79EFBC}") = "AFSLib", "lib\AFSLib\AFSLib.csproj", "{09C23352-8261-447B-9BB5-4C82DAF3CFFD}"
EndProject
Global
	GlobalSection(SolutionConfigurationPlatforms) = preSolution
		Debug|Any CPU = Debug|Any CPU
		Debug|ARM = Debug|ARM
		Debug|ARM64 = Debug|ARM64
		Debug|x64 = Debug|x64
		Debug|x86 = Debug|x86
		Release|Any CPU = Release|Any CPU
		Release|ARM = Release|ARM
		Release|ARM64 = Release|ARM64
		Release|x64 = Release|x64
		Release|x86 = Release|x86
	EndGlobalSection
	GlobalSection(ProjectConfigurationPlatforms) = postSolution
		{89776DB8-07A1-4B36-BE77-7AB5E4237E3A}.Debug|Any CPU.ActiveCfg = Debug|Any CPU
		{89776DB8-07A1-4B36-BE77-7AB5E4237E3A}.Debug|Any CPU.Build.0 = Debug|Any CPU
		{89776DB8-07A1-4B36-BE77-7AB5E4237E3A}.Debug|ARM.ActiveCfg = Debug|Any CPU
		{89776DB8-07A1-4B36-BE77-7AB5E4237E3A}.Debug|ARM.Build.0 = Debug|Any CPU
		{89776DB8-07A1-4B36-BE77-7AB5E4237E3A}.Debug|ARM64.ActiveCfg = Debug|Any CPU
		{89776DB8-07A1-4B36-BE77-7AB5E4237E3A}.Debug|ARM64.Build.0 = Debug|Any CPU
		{89776DB8-07A1-4B36-BE77-7AB5E4237E3A}.Debug|x64.ActiveCfg = Debug|Any CPU
		{89776DB8-07A1-4B36-BE77-7AB5E4237E3A}.Debug|x64.Build.0 = Debug|Any CPU
		{89776DB8-07A1-4B36-BE77-7AB5E4237E3A}.Debug|x86.ActiveCfg = Debug|Any CPU
		{89776DB8-07A1-4B36-BE77-7AB5E4237E3A}.Debug|x86.Build.0 = Debug|Any CPU
		{89776DB8-07A1-4B36-BE77-7AB5E4237E3A}.Release|Any CPU.ActiveCfg = Release|Any CPU
		{89776DB8-07A1-4B36-BE77-7AB5E4237E3A}.Release|Any CPU.Build.0 = Release|Any CPU
		{89776DB8-07A1-4B36-BE77-7AB5E4237E3A}.Release|ARM.ActiveCfg = Release|Any CPU
		{89776DB8-07A1-4B36-BE77-7AB5E4237E3A}.Release|ARM.Build.0 = Release|Any CPU
		{89776DB8-07A1-4B36-BE77-7AB5E4237E3A}.Release|ARM64.ActiveCfg = Release|Any CPU
		{89776DB8-07A1-4B36-BE77-7AB5E4237E3A}.Release|ARM64.Build.0 = Release|Any CPU
		{89776DB8-07A1-4B36-BE77-7AB5E4237E3A}.Release|x64.ActiveCfg = Release|Any CPU
		{89776DB8-07A1-4B36-BE77-7AB5E4237E3A}.Release|x64.Build.0 = Release|Any CPU
		{89776DB8-07A1-4B36-BE77-7AB5E4237E3A}.Release|x86.ActiveCfg = Release|Any CPU
		{89776DB8-07A1-4B36-BE77-7AB5E4237E3A}.Release|x86.Build.0 = Release|Any CPU
		{BA3A00E4-4F51-4AB4-A8FB-F4B64A874449}.Debug|Any CPU.ActiveCfg = Debug|Any CPU
		{BA3A00E4-4F51-4AB4-A8FB-F4B64A874449}.Debug|Any CPU.Build.0 = Debug|Any CPU
		{BA3A00E4-4F51-4AB4-A8FB-F4B64A874449}.Debug|ARM.ActiveCfg = Debug|Any CPU
		{BA3A00E4-4F51-4AB4-A8FB-F4B64A874449}.Debug|ARM.Build.0 = Debug|Any CPU
		{BA3A00E4-4F51-4AB4-A8FB-F4B64A874449}.Debug|ARM64.ActiveCfg = Debug|Any CPU
		{BA3A00E4-4F51-4AB4-A8FB-F4B64A874449}.Debug|ARM64.Build.0 = Debug|Any CPU
		{BA3A00E4-4F51-4AB4-A8FB-F4B64A874449}.Debug|x64.ActiveCfg = Debug|Any CPU
		{BA3A00E4-4F51-4AB4-A8FB-F4B64A874449}.Debug|x64.Build.0 = Debug|Any CPU
		{BA3A00E4-4F51-4AB4-A8FB-F4B64A874449}.Debug|x86.ActiveCfg = Debug|Any CPU
		{BA3A00E4-4F51-4AB4-A8FB-F4B64A874449}.Debug|x86.Build.0 = Debug|Any CPU
		{BA3A00E4-4F51-4AB4-A8FB-F4B64A874449}.Release|Any CPU.ActiveCfg = Release|Any CPU
		{BA3A00E4-4F51-4AB4-A8FB-F4B64A874449}.Release|Any CPU.Build.0 = Release|Any CPU
		{BA3A00E4-4F51-4AB4-A8FB-F4B64A874449}.Release|ARM.ActiveCfg = Release|Any CPU
		{BA3A00E4-4F51-4AB4-A8FB-F4B64A874449}.Release|ARM.Build.0 = Release|Any CPU
		{BA3A00E4-4F51-4AB4-A8FB-F4B64A874449}.Release|ARM64.ActiveCfg = Release|Any CPU
		{BA3A00E4-4F51-4AB4-A8FB-F4B64A874449}.Release|ARM64.Build.0 = Release|Any CPU
		{BA3A00E4-4F51-4AB4-A8FB-F4B64A874449}.Release|x64.ActiveCfg = Release|Any CPU
		{BA3A00E4-4F51-4AB4-A8FB-F4B64A874449}.Release|x64.Build.0 = Release|Any CPU
		{BA3A00E4-4F51-4AB4-A8FB-F4B64A874449}.Release|x86.ActiveCfg = Release|Any CPU
		{BA3A00E4-4F51-4AB4-A8FB-F4B64A874449}.Release|x86.Build.0 = Release|Any CPU
		{E5829A5B-E121-41AA-A84B-E7B4C8DBDF30}.Debug|Any CPU.ActiveCfg = Debug|Win32
		{E5829A5B-E121-41AA-A84B-E7B4C8DBDF30}.Debug|ARM.ActiveCfg = Debug|x64
		{E5829A5B-E121-41AA-A84B-E7B4C8DBDF30}.Debug|ARM.Build.0 = Debug|x64
		{E5829A5B-E121-41AA-A84B-E7B4C8DBDF30}.Debug|ARM64.ActiveCfg = Debug|x64
		{E5829A5B-E121-41AA-A84B-E7B4C8DBDF30}.Debug|ARM64.Build.0 = Debug|x64
		{E5829A5B-E121-41AA-A84B-E7B4C8DBDF30}.Debug|x64.ActiveCfg = Debug|x64
		{E5829A5B-E121-41AA-A84B-E7B4C8DBDF30}.Debug|x64.Build.0 = Debug|x64
		{E5829A5B-E121-41AA-A84B-E7B4C8DBDF30}.Debug|x86.ActiveCfg = Debug|Win32
		{E5829A5B-E121-41AA-A84B-E7B4C8DBDF30}.Debug|x86.Build.0 = Debug|Win32
		{E5829A5B-E121-41AA-A84B-E7B4C8DBDF30}.Release|Any CPU.ActiveCfg = Release|Win32
		{E5829A5B-E121-41AA-A84B-E7B4C8DBDF30}.Release|Any CPU.Build.0 = Release|Win32
		{E5829A5B-E121-41AA-A84B-E7B4C8DBDF30}.Release|ARM.ActiveCfg = Release|x64
		{E5829A5B-E121-41AA-A84B-E7B4C8DBDF30}.Release|ARM.Build.0 = Release|x64
		{E5829A5B-E121-41AA-A84B-E7B4C8DBDF30}.Release|ARM64.ActiveCfg = Release|x64
		{E5829A5B-E121-41AA-A84B-E7B4C8DBDF30}.Release|ARM64.Build.0 = Release|x64
		{E5829A5B-E121-41AA-A84B-E7B4C8DBDF30}.Release|x64.ActiveCfg = Release|x64
		{E5829A5B-E121-41AA-A84B-E7B4C8DBDF30}.Release|x64.Build.0 = Release|x64
		{E5829A5B-E121-41AA-A84B-E7B4C8DBDF30}.Release|x86.ActiveCfg = Release|Win32
		{E5829A5B-E121-41AA-A84B-E7B4C8DBDF30}.Release|x86.Build.0 = Release|Win32
		{CD2CA20A-E6AD-4B1E-9D04-FB98970B61D5}.Debug|Any CPU.ActiveCfg = Debug|Any CPU
		{CD2CA20A-E6AD-4B1E-9D04-FB98970B61D5}.Debug|Any CPU.Build.0 = Debug|Any CPU
		{CD2CA20A-E6AD-4B1E-9D04-FB98970B61D5}.Debug|ARM.ActiveCfg = Debug|Any CPU
		{CD2CA20A-E6AD-4B1E-9D04-FB98970B61D5}.Debug|ARM.Build.0 = Debug|Any CPU
		{CD2CA20A-E6AD-4B1E-9D04-FB98970B61D5}.Debug|ARM64.ActiveCfg = Debug|Any CPU
		{CD2CA20A-E6AD-4B1E-9D04-FB98970B61D5}.Debug|ARM64.Build.0 = Debug|Any CPU
		{CD2CA20A-E6AD-4B1E-9D04-FB98970B61D5}.Debug|x64.ActiveCfg = Debug|Any CPU
		{CD2CA20A-E6AD-4B1E-9D04-FB98970B61D5}.Debug|x64.Build.0 = Debug|Any CPU
		{CD2CA20A-E6AD-4B1E-9D04-FB98970B61D5}.Debug|x86.ActiveCfg = Debug|Any CPU
		{CD2CA20A-E6AD-4B1E-9D04-FB98970B61D5}.Debug|x86.Build.0 = Debug|Any CPU
		{CD2CA20A-E6AD-4B1E-9D04-FB98970B61D5}.Release|Any CPU.ActiveCfg = Release|Any CPU
		{CD2CA20A-E6AD-4B1E-9D04-FB98970B61D5}.Release|Any CPU.Build.0 = Release|Any CPU
		{CD2CA20A-E6AD-4B1E-9D04-FB98970B61D5}.Release|ARM.ActiveCfg = Release|Any CPU
		{CD2CA20A-E6AD-4B1E-9D04-FB98970B61D5}.Release|ARM.Build.0 = Release|Any CPU
		{CD2CA20A-E6AD-4B1E-9D04-FB98970B61D5}.Release|ARM64.ActiveCfg = Release|Any CPU
		{CD2CA20A-E6AD-4B1E-9D04-FB98970B61D5}.Release|ARM64.Build.0 = Release|Any CPU
		{CD2CA20A-E6AD-4B1E-9D04-FB98970B61D5}.Release|x64.ActiveCfg = Release|Any CPU
		{CD2CA20A-E6AD-4B1E-9D04-FB98970B61D5}.Release|x64.Build.0 = Release|Any CPU
		{CD2CA20A-E6AD-4B1E-9D04-FB98970B61D5}.Release|x86.ActiveCfg = Release|Any CPU
		{CD2CA20A-E6AD-4B1E-9D04-FB98970B61D5}.Release|x86.Build.0 = Release|Any CPU
		{CE629181-0090-46D0-81BC-16682E497573}.Debug|Any CPU.ActiveCfg = Debug|Any CPU
		{CE629181-0090-46D0-81BC-16682E497573}.Debug|Any CPU.Build.0 = Debug|Any CPU
		{CE629181-0090-46D0-81BC-16682E497573}.Debug|ARM.ActiveCfg = Debug|Any CPU
		{CE629181-0090-46D0-81BC-16682E497573}.Debug|ARM.Build.0 = Debug|Any CPU
		{CE629181-0090-46D0-81BC-16682E497573}.Debug|ARM64.ActiveCfg = Debug|Any CPU
		{CE629181-0090-46D0-81BC-16682E497573}.Debug|ARM64.Build.0 = Debug|Any CPU
		{CE629181-0090-46D0-81BC-16682E497573}.Debug|x64.ActiveCfg = Debug|Any CPU
		{CE629181-0090-46D0-81BC-16682E497573}.Debug|x64.Build.0 = Debug|Any CPU
		{CE629181-0090-46D0-81BC-16682E497573}.Debug|x86.ActiveCfg = Debug|Any CPU
		{CE629181-0090-46D0-81BC-16682E497573}.Debug|x86.Build.0 = Debug|Any CPU
		{CE629181-0090-46D0-81BC-16682E497573}.Release|Any CPU.ActiveCfg = Release|Any CPU
		{CE629181-0090-46D0-81BC-16682E497573}.Release|Any CPU.Build.0 = Release|Any CPU
		{CE629181-0090-46D0-81BC-16682E497573}.Release|ARM.ActiveCfg = Release|Any CPU
		{CE629181-0090-46D0-81BC-16682E497573}.Release|ARM.Build.0 = Release|Any CPU
		{CE629181-0090-46D0-81BC-16682E497573}.Release|ARM64.ActiveCfg = Release|Any CPU
		{CE629181-0090-46D0-81BC-16682E497573}.Release|ARM64.Build.0 = Release|Any CPU
		{CE629181-0090-46D0-81BC-16682E497573}.Release|x64.ActiveCfg = Release|Any CPU
		{CE629181-0090-46D0-81BC-16682E497573}.Release|x64.Build.0 = Release|Any CPU
		{CE629181-0090-46D0-81BC-16682E497573}.Release|x86.ActiveCfg = Release|Any CPU
		{CE629181-0090-46D0-81BC-16682E497573}.Release|x86.Build.0 = Release|Any CPU
		{09C23352-8261-447B-9BB5-4C82DAF3CFFD}.Debug|Any CPU.ActiveCfg = Debug|Any CPU
		{09C23352-8261-447B-9BB5-4C82DAF3CFFD}.Debug|Any CPU.Build.0 = Debug|Any CPU
		{09C23352-8261-447B-9BB5-4C82DAF3CFFD}.Debug|ARM.ActiveCfg = Debug|Any CPU
		{09C23352-8261-447B-9BB5-4C82DAF3CFFD}.Debug|ARM.Build.0 = Debug|Any CPU
		{09C23352-8261-447B-9BB5-4C82DAF3CFFD}.Debug|ARM64.ActiveCfg = Debug|Any CPU
		{09C23352-8261-447B-9BB5-4C82DAF3CFFD}.Debug|ARM64.Build.0 = Debug|Any CPU
		{09C23352-8261-447B-9BB5-4C82DAF3CFFD}.Debug|x64.ActiveCfg = Debug|Any CPU
		{09C23352-8261-447B-9BB5-4C82DAF3CFFD}.Debug|x64.Build.0 = Debug|Any CPU
		{09C23352-8261-447B-9BB5-4C82DAF3CFFD}.Debug|x86.ActiveCfg = Debug|Any CPU
		{09C23352-8261-447B-9BB5-4C82DAF3CFFD}.Debug|x86.Build.0 = Debug|Any CPU
		{09C23352-8261-447B-9BB5-4C82DAF3CFFD}.Release|Any CPU.ActiveCfg = Release|Any CPU
		{09C23352-8261-447B-9BB5-4C82DAF3CFFD}.Release|Any CPU.Build.0 = Release|Any CPU
		{09C23352-8261-447B-9BB5-4C82DAF3CFFD}.Release|ARM.ActiveCfg = Release|Any CPU
		{09C23352-8261-447B-9BB5-4C82DAF3CFFD}.Release|ARM.Build.0 = Release|Any CPU
		{09C23352-8261-447B-9BB5-4C82DAF3CFFD}.Release|ARM64.ActiveCfg = Release|Any CPU
		{09C23352-8261-447B-9BB5-4C82DAF3CFFD}.Release|ARM64.Build.0 = Release|Any CPU
		{09C23352-8261-447B-9BB5-4C82DAF3CFFD}.Release|x64.ActiveCfg = Release|Any CPU
		{09C23352-8261-447B-9BB5-4C82DAF3CFFD}.Release|x64.Build.0 = Release|Any CPU
		{09C23352-8261-447B-9BB5-4C82DAF3CFFD}.Release|x86.ActiveCfg = Release|Any CPU
		{09C23352-8261-447B-9BB5-4C82DAF3CFFD}.Release|x86.Build.0 = Release|Any CPU
	EndGlobalSection
	GlobalSection(SolutionProperties) = preSolution
		HideSolutionNode = FALSE
	EndGlobalSection
	GlobalSection(NestedProjects) = preSolution
		{BA3A00E4-4F51-4AB4-A8FB-F4B64A874449} = {B407F63E-453B-4A21-8A29-D662F50A5B82}
		{E5829A5B-E121-41AA-A84B-E7B4C8DBDF30} = {B407F63E-453B-4A21-8A29-D662F50A5B82}
		{CD2CA20A-E6AD-4B1E-9D04-FB98970B61D5} = {9BD9CE5B-7820-4976-82AE-DBF6CB05A240}
		{9BD9CE5B-7820-4976-82AE-DBF6CB05A240} = {B407F63E-453B-4A21-8A29-D662F50A5B82}
		{CE629181-0090-46D0-81BC-16682E497573} = {B407F63E-453B-4A21-8A29-D662F50A5B82}
		{09C23352-8261-447B-9BB5-4C82DAF3CFFD} = {B407F63E-453B-4A21-8A29-D662F50A5B82}
	EndGlobalSection
	GlobalSection(ExtensibilityGlobals) = postSolution
		SolutionGuid = {B17AB52A-AB00-4067-B684-72DFCA802F89}
	EndGlobalSection
EndGlobal
